
Microsoft Visual Studio Solution File, Format Version 12.00
# Visual Studio Version 16
VisualStudioVersion = 16.0.31613.86
MinimumVisualStudioVersion = 10.0.40219.1
Project("{FAE04EC0-301F-11D3-BF4B-00C04F79EFBC}") = "Capa_presentacion", "Capa_presentacion\Capa_presentacion.csproj", "{01F51FD9-848F-407D-AF52-3BF4E82BECCD}"
EndProject
Global
	GlobalSection(SolutionConfigurationPlatforms) = preSolution
		Debug|Any CPU = Debug|Any CPU
		Release|Any CPU = Release|Any CPU
	EndGlobalSection
	GlobalSection(ProjectConfigurationPlatforms) = postSolution
		{01F51FD9-848F-407D-AF52-3BF4E82BECCD}.Debug|Any CPU.ActiveCfg = Debug|Any CPU
		{01F51FD9-848F-407D-AF52-3BF4E82BECCD}.Debug|Any CPU.Build.0 = Debug|Any CPU
		{01F51FD9-848F-407D-AF52-3BF4E82BECCD}.Release|Any CPU.ActiveCfg = Release|Any CPU
		{01F51FD9-848F-407D-AF52-3BF4E82BECCD}.Release|Any CPU.Build.0 = Release|Any CPU
	EndGlobalSection
	GlobalSection(SolutionProperties) = preSolution
		HideSolutionNode = FALSE
	EndGlobalSection
	GlobalSection(ExtensibilityGlobals) = postSolution
		SolutionGuid = {EAB5E47A-8CD0-423A-9FB4-F74F42C2C1A2}
	EndGlobalSection
EndGlobal
